
Microsoft Visual Studio Solution File, Format Version 12.00
# Visual Studio Version 16
VisualStudioVersion = 16.0.30907.101
MinimumVisualStudioVersion = 10.0.40219.1
Project("{FAE04EC0-301F-11D3-BF4B-00C04F79EFBC}") = "TestCandidat", "TestCandidat\TestCandidat.csproj", "{64171C58-5EFD-442F-9020-13652D1CC6AA}"
EndProject
Project("{FAE04EC0-301F-11D3-BF4B-00C04F79EFBC}") = "TestCandidatBase", "TestCandidatBase\TestCandidatBase.csproj", "{F60549C1-1359-4470-B41A-2D863735CC46}"
EndProject
Global
	GlobalSection(SolutionConfigurationPlatforms) = preSolution
		Debug|Any CPU = Debug|Any CPU
		Release|Any CPU = Release|Any CPU
	EndGlobalSection
	GlobalSection(ProjectConfigurationPlatforms) = postSolution
		{64171C58-5EFD-442F-9020-13652D1CC6AA}.Debug|Any CPU.ActiveCfg = Debug|Any CPU
		{64171C58-5EFD-442F-9020-13652D1CC6AA}.Debug|Any CPU.Build.0 = Debug|Any CPU
		{64171C58-5EFD-442F-9020-13652D1CC6AA}.Release|Any CPU.ActiveCfg = Release|Any CPU
		{64171C58-5EFD-442F-9020-13652D1CC6AA}.Release|Any CPU.Build.0 = Release|Any CPU
		{F60549C1-1359-4470-B41A-2D863735CC46}.Debug|Any CPU.ActiveCfg = Debug|Any CPU
		{F60549C1-1359-4470-B41A-2D863735CC46}.Debug|Any CPU.Build.0 = Debug|Any CPU
		{F60549C1-1359-4470-B41A-2D863735CC46}.Release|Any CPU.ActiveCfg = Release|Any CPU
		{F60549C1-1359-4470-B41A-2D863735CC46}.Release|Any CPU.Build.0 = Release|Any CPU
	EndGlobalSection
	GlobalSection(SolutionProperties) = preSolution
		HideSolutionNode = FALSE
	EndGlobalSection
	GlobalSection(ExtensibilityGlobals) = postSolution
		SolutionGuid = {CDBE1CAC-0B77-4E27-BD91-DF8689F275E5}
	EndGlobalSection
EndGlobal
